<?xml version="1.0" encoding="UTF-8" standalone="yes" ?>
<CodeBlocks_project_file>
	<FileVersion major="1" minor="6" />
	<Project>
		<Option title="zaj8" />
		<Option pch_mode="2" />
		<Option compiler="gcc" />
		<Build>
			<Target title="Debug">
				<Option output="bin/Debug/zaj8" prefix_auto="1" extension_auto="1" />
				<Option object_output="obj/Debug/" />
				<Option type="1" />
				<Option compiler="gcc" />
				<Compiler>
					<Add option="-std=c++11" />
					<Add option="-g" />
				</Compiler>
			</Target>
			<Target title="Release">
				<Option output="bin/Release/zaj8" prefix_auto="1" extension_auto="1" />
				<Option object_output="obj/Release/" />
				<Option type="1" />
				<Option compiler="gcc" />
				<Compiler>
					<Add option="-O2" />
				</Compiler>
				<Linker>
					<Add option="-s" />
				</Linker>
			</Target>
		</Build>
		<Compiler>
			<Add option="-Wall" />
			<Add option="-fexceptions" />
		</Compiler>
		<Unit filename="CzlonCalkujacy.cpp" />
		<Unit filename="CzlonCalkujacy.hpp" />
		<Unit filename="CzlonInercyjny.cpp" />
		<Unit filename="CzlonInercyjny.hpp" />
		<Unit filename="CzlonOscylacyjny.cpp" />
		<Unit filename="CzlonOscylacyjny.hpp" />
		<Unit filename="CzlonPID.cpp" />
		<Unit filename="CzlonPID.hpp" />
		<Unit filename="Model.cpp" />
		<Unit filename="Model.hpp" />
		<Unit filename="Obiekt.hpp" />
		<Unit filename="ObiektCiagly.cpp" />
		<Unit filename="ObiektCiagly.hpp" />
		<Unit filename="ObiektFactory.cpp" />
		<Unit filename="ObiektFactory.hpp" />
		<Unit filename="Scope.hpp" />
		<Unit filename="Solver.hpp" />
		<Unit filename="SolverEuler.cpp" />
		<Unit filename="SolverEuler.hpp" />
		<Unit filename="SolverFactory.cpp" />
		<Unit filename="SolverFactory.hpp" />
		<Unit filename="SolverRK4.cpp" />
		<Unit filename="SolverRK4.hpp" />
		<Unit filename="Stala.hpp" />
		<Unit filename="Sumator.cpp" />
		<Unit filename="Sumator.hpp" />
		<Unit filename="Sygnal.hpp" />
		<Unit filename="SymulinkException.hpp" />
		<Unit filename="Types.cpp" />
		<Unit filename="Types.hpp" />
		<Unit filename="main.cpp" />
		<Extensions>
			<code_completion />
			<envvars />
			<debugger />
			<lib_finder disable_auto="1" />
		</Extensions>
	</Project>
</CodeBlocks_project_file>
